
Microsoft Visual Studio Solution File, Format Version 12.00
# Visual Studio Version 16
VisualStudioVersion = 16.0.30114.105
MinimumVisualStudioVersion = 10.0.40219.1
Project("{FAE04EC0-301F-11D3-BF4B-00C04F79EFBC}") = "GnomeSort", "src\GnomeSort.csproj", "{C6A6AA75-2CB9-4A1B-AC9E-57130CA4422A}"
EndProject
Project("{FAE04EC0-301F-11D3-BF4B-00C04F79EFBC}") = "GnomeSort.Tests", "test\GnomeSort.Tests.csproj", "{2A0CE2D9-9A9F-434D-B802-85249792AF2D}"
EndProject
Global
	GlobalSection(SolutionConfigurationPlatforms) = preSolution
		Debug|Any CPU = Debug|Any CPU
		Release|Any CPU = Release|Any CPU
	EndGlobalSection
	GlobalSection(SolutionProperties) = preSolution
		HideSolutionNode = FALSE
	EndGlobalSection
	GlobalSection(ProjectConfigurationPlatforms) = postSolution
		{C6A6AA75-2CB9-4A1B-AC9E-57130CA4422A}.Debug|Any CPU.ActiveCfg = Debug|Any CPU
		{C6A6AA75-2CB9-4A1B-AC9E-57130CA4422A}.Debug|Any CPU.Build.0 = Debug|Any CPU
		{C6A6AA75-2CB9-4A1B-AC9E-57130CA4422A}.Release|Any CPU.ActiveCfg = Release|Any CPU
		{C6A6AA75-2CB9-4A1B-AC9E-57130CA4422A}.Release|Any CPU.Build.0 = Release|Any CPU
		{2A0CE2D9-9A9F-434D-B802-85249792AF2D}.Debug|Any CPU.ActiveCfg = Debug|Any CPU
		{2A0CE2D9-9A9F-434D-B802-85249792AF2D}.Debug|Any CPU.Build.0 = Debug|Any CPU
		{2A0CE2D9-9A9F-434D-B802-85249792AF2D}.Release|Any CPU.ActiveCfg = Release|Any CPU
		{2A0CE2D9-9A9F-434D-B802-85249792AF2D}.Release|Any CPU.Build.0 = Release|Any CPU
	EndGlobalSection
EndGlobal
